
Microsoft Visual Studio Solution File, Format Version 12.00
# Visual Studio Version 16
VisualStudioVersion = 16.0.29424.173
MinimumVisualStudioVersion = 10.0.40219.1
Project("{FAE04EC0-301F-11D3-BF4B-00C04F79EFBC}") = "Car project", "Car project\Car project.csproj", "{C381657E-A518-4C25-954B-EAD26AC2F3EB}"
EndProject
Global
	GlobalSection(SolutionConfigurationPlatforms) = preSolution
		Debug|Any CPU = Debug|Any CPU
		Release|Any CPU = Release|Any CPU
	EndGlobalSection
	GlobalSection(ProjectConfigurationPlatforms) = postSolution
		{C381657E-A518-4C25-954B-EAD26AC2F3EB}.Debug|Any CPU.ActiveCfg = Debug|Any CPU
		{C381657E-A518-4C25-954B-EAD26AC2F3EB}.Debug|Any CPU.Build.0 = Debug|Any CPU
		{C381657E-A518-4C25-954B-EAD26AC2F3EB}.Release|Any CPU.ActiveCfg = Release|Any CPU
		{C381657E-A518-4C25-954B-EAD26AC2F3EB}.Release|Any CPU.Build.0 = Release|Any CPU
	EndGlobalSection
	GlobalSection(SolutionProperties) = preSolution
		HideSolutionNode = FALSE
	EndGlobalSection
	GlobalSection(ExtensibilityGlobals) = postSolution
		SolutionGuid = {87D101D5-3B5A-4BAD-9389-743471C3BFC6}
	EndGlobalSection
EndGlobal
